// !$*UTF8*$!
{
	archiveVersion = 1;
	classes = {
	};
	objectVersion = 50;
	objects = {

/* Begin PBXBuildFile section */
		C077D944211AAE1400D81491 /* AppDelegate.swift in Sources */ = {isa = PBXBuildFile; fileRef = C077D943211AAE1400D81491 /* AppDelegate.swift */; };
		C077D946211AAE1400D81491 /* ViewController.swift in Sources */ = {isa = PBXBuildFile; fileRef = C077D945211AAE1400D81491 /* ViewController.swift */; };
		C077D949211AAE1400D81491 /* Main.storyboard in Resources */ = {isa = PBXBuildFile; fileRef = C077D947211AAE1400D81491 /* Main.storyboard */; };
		C077D94B211AAE1500D81491 /* Assets.xcassets in Resources */ = {isa = PBXBuildFile; fileRef = C077D94A211AAE1500D81491 /* Assets.xcassets */; };
		C077D94E211AAE1500D81491 /* LaunchScreen.storyboard in Resources */ = {isa = PBXBuildFile; fileRef = C077D94C211AAE1500D81491 /* LaunchScreen.storyboard */; };
		C077D959211AAE1500D81491 /* AppTests.swift in Sources */ = {isa = PBXBuildFile; fileRef = C077D958211AAE1500D81491 /* AppTests.swift */; };
		C077D964211AAE1500D81491 /* AppUITests.swift in Sources */ = {isa = PBXBuildFile; fileRef = C077D963211AAE1500D81491 /* AppUITests.swift */; };
		C077D972211AB8EB00D81491 /* SelectDeviceViewController.swift in Sources */ = {isa = PBXBuildFile; fileRef = C077D971211AB8EB00D81491 /* SelectDeviceViewController.swift */; };
		C07D917221814A9D0090BF42 /* BLEControll.swift in Sources */ = {isa = PBXBuildFile; fileRef = C07D917121814A9D0090BF42 /* BLEControll.swift */; };
		C07DAE98213237E600E3ECD2 /* CustomTextView.swift in Sources */ = {isa = PBXBuildFile; fileRef = C07DAE97213237E600E3ECD2 /* CustomTextView.swift */; };
/* End PBXBuildFile section */

/* Begin PBXContainerItemProxy section */
		C077D955211AAE1500D81491 /* PBXContainerItemProxy */ = {
			isa = PBXContainerItemProxy;
			containerPortal = C077D938211AAE1400D81491 /* Project object */;
			proxyType = 1;
			remoteGlobalIDString = C077D93F211AAE1400D81491;
			remoteInfo = App;
		};
		C077D960211AAE1500D81491 /* PBXContainerItemProxy */ = {
			isa = PBXContainerItemProxy;
			containerPortal = C077D938211AAE1400D81491 /* Project object */;
			proxyType = 1;
			remoteGlobalIDString = C077D93F211AAE1400D81491;
			remoteInfo = App;
		};
/* End PBXContainerItemProxy section */

/* Begin PBXFileReference section */
		C077D940211AAE1400D81491 /* App.app */ = {isa = PBXFileReference; explicitFileType = wrapper.application; includeInIndex = 0; path = App.app; sourceTree = BUILT_PRODUCTS_DIR; };
		C077D943211AAE1400D81491 /* AppDelegate.swift */ = {isa = PBXFileReference; lastKnownFileType = sourcecode.swift; path = AppDelegate.swift; sourceTree = "<group>"; };
		C077D945211AAE1400D81491 /* ViewController.swift */ = {isa = PBXFileReference; lastKnownFileType = sourcecode.swift; path = ViewController.swift; sourceTree = "<group>"; };
		C077D948211AAE1400D81491 /* Base */ = {isa = PBXFileReference; lastKnownFileType = file.storyboard; name = Base; path = Base.lproj/Main.storyboard; sourceTree = "<group>"; };
		C077D94A211AAE1500D81491 /* Assets.xcassets */ = {isa = PBXFileReference; lastKnownFileType = folder.assetcatalog; path = Assets.xcassets; sourceTree = "<group>"; };
		C077D94D211AAE1500D81491 /* Base */ = {isa = PBXFileReference; lastKnownFileType = file.storyboard; name = Base; path = Base.lproj/LaunchScreen.storyboard; sourceTree = "<group>"; };
		C077D94F211AAE1500D81491 /* Info.plist */ = {isa = PBXFileReference; lastKnownFileType = text.plist.xml; path = Info.plist; sourceTree = "<group>"; };
		C077D954211AAE1500D81491 /* AppTests.xctest */ = {isa = PBXFileReference; explicitFileType = wrapper.cfbundle; includeInIndex = 0; path = AppTests.xctest; sourceTree = BUILT_PRODUCTS_DIR; };
		C077D958211AAE1500D81491 /* AppTests.swift */ = {isa = PBXFileReference; lastKnownFileType = sourcecode.swift; path = AppTests.swift; sourceTree = "<group>"; };
		C077D95A211AAE1500D81491 /* Info.plist */ = {isa = PBXFileReference; lastKnownFileType = text.plist.xml; path = Info.plist; sourceTree = "<group>"; };
		C077D95F211AAE1500D81491 /* AppUITests.xctest */ = {isa = PBXFileReference; explicitFileType = wrapper.cfbundle; includeInIndex = 0; path = AppUITests.xctest; sourceTree = BUILT_PRODUCTS_DIR; };
		C077D963211AAE1500D81491 /* AppUITests.swift */ = {isa = PBXFileReference; lastKnownFileType = sourcecode.swift; path = AppUITests.swift; sourceTree = "<group>"; };
		C077D965211AAE1500D81491 /* Info.plist */ = {isa = PBXFileReference; lastKnownFileType = text.plist.xml; path = Info.plist; sourceTree = "<group>"; };
		C077D971211AB8EB00D81491 /* SelectDeviceViewController.swift */ = {isa = PBXFileReference; lastKnownFileType = sourcecode.swift; path = SelectDeviceViewController.swift; sourceTree = "<group>"; };
		C07D917121814A9D0090BF42 /* BLEControll.swift */ = {isa = PBXFileReference; lastKnownFileType = sourcecode.swift; path = BLEControll.swift; sourceTree = "<group>"; };
		C07DAE97213237E600E3ECD2 /* CustomTextView.swift */ = {isa = PBXFileReference; lastKnownFileType = sourcecode.swift; path = CustomTextView.swift; sourceTree = "<group>"; };
/* End PBXFileReference section */

/* Begin PBXFrameworksBuildPhase section */
		C077D93D211AAE1400D81491 /* Frameworks */ = {
			isa = PBXFrameworksBuildPhase;
			buildActionMask = 2147483647;
			files = (
			);
			runOnlyForDeploymentPostprocessing = 0;
		};
		C077D951211AAE1500D81491 /* Frameworks */ = {
			isa = PBXFrameworksBuildPhase;
			buildActionMask = 2147483647;
			files = (
			);
			runOnlyForDeploymentPostprocessing = 0;
		};
		C077D95C211AAE1500D81491 /* Frameworks */ = {
			isa = PBXFrameworksBuildPhase;
			buildActionMask = 2147483647;
			files = (
			);
			runOnlyForDeploymentPostprocessing = 0;
		};
/* End PBXFrameworksBuildPhase section */

/* Begin PBXGroup section */
		C077D937211AAE1400D81491 = {
			isa = PBXGroup;
			children = (
				C077D942211AAE1400D81491 /* App */,
				C077D957211AAE1500D81491 /* AppTests */,
				C077D962211AAE1500D81491 /* AppUITests */,
				C077D941211AAE1400D81491 /* Products */,
			);
			sourceTree = "<group>";
		};
		C077D941211AAE1400D81491 /* Products */ = {
			isa = PBXGroup;
			children = (
				C077D940211AAE1400D81491 /* App.app */,
				C077D954211AAE1500D81491 /* AppTests.xctest */,
				C077D95F211AAE1500D81491 /* AppUITests.xctest */,
			);
			name = Products;
			sourceTree = "<group>";
		};
		C077D942211AAE1400D81491 /* App */ = {
			isa = PBXGroup;
			children = (
				C077D943211AAE1400D81491 /* AppDelegate.swift */,
				C077D945211AAE1400D81491 /* ViewController.swift */,
				C077D971211AB8EB00D81491 /* SelectDeviceViewController.swift */,
				C07D917121814A9D0090BF42 /* BLEControll.swift */,
				C07DAE97213237E600E3ECD2 /* CustomTextView.swift */,
				C077D947211AAE1400D81491 /* Main.storyboard */,
				C077D94A211AAE1500D81491 /* Assets.xcassets */,
				C077D94C211AAE1500D81491 /* LaunchScreen.storyboard */,
				C077D94F211AAE1500D81491 /* Info.plist */,
			);
			path = App;
			sourceTree = "<group>";
		};
		C077D957211AAE1500D81491 /* AppTests */ = {
			isa = PBXGroup;
			children = (
				C077D958211AAE1500D81491 /* AppTests.swift */,
				C077D95A211AAE1500D81491 /* Info.plist */,
			);
			path = AppTests;
			sourceTree = "<group>";
		};
		C077D962211AAE1500D81491 /* AppUITests */ = {
			isa = PBXGroup;
			children = (
				C077D963211AAE1500D81491 /* AppUITests.swift */,
				C077D965211AAE1500D81491 /* Info.plist */,
			);
			path = AppUITests;
			sourceTree = "<group>";
		};
/* End PBXGroup section */

/* Begin PBXNativeTarget section */
		C077D93F211AAE1400D81491 /* App */ = {
			isa = PBXNativeTarget;
			buildConfigurationList = C077D968211AAE1500D81491 /* Build configuration list for PBXNativeTarget "App" */;
			buildPhases = (
				C077D93C211AAE1400D81491 /* Sources */,
				C077D93D211AAE1400D81491 /* Frameworks */,
				C077D93E211AAE1400D81491 /* Resources */,
			);
			buildRules = (
			);
			dependencies = (
			);
			name = App;
			productName = App;
			productReference = C077D940211AAE1400D81491 /* App.app */;
			productType = "com.apple.product-type.application";
		};
		C077D953211AAE1500D81491 /* AppTests */ = {
			isa = PBXNativeTarget;
			buildConfigurationList = C077D96B211AAE1500D81491 /* Build configuration list for PBXNativeTarget "AppTests" */;
			buildPhases = (
				C077D950211AAE1500D81491 /* Sources */,
				C077D951211AAE1500D81491 /* Frameworks */,
				C077D952211AAE1500D81491 /* Resources */,
			);
			buildRules = (
			);
			dependencies = (
				C077D956211AAE1500D81491 /* PBXTargetDependency */,
			);
			name = AppTests;
			productName = AppTests;
			productReference = C077D954211AAE1500D81491 /* AppTests.xctest */;
			productType = "com.apple.product-type.bundle.unit-test";
		};
		C077D95E211AAE1500D81491 /* AppUITests */ = {
			isa = PBXNativeTarget;
			buildConfigurationList = C077D96E211AAE1500D81491 /* Build configuration list for PBXNativeTarget "AppUITests" */;
			buildPhases = (
				C077D95B211AAE1500D81491 /* Sources */,
				C077D95C211AAE1500D81491 /* Frameworks */,
				C077D95D211AAE1500D81491 /* Resources */,
			);
			buildRules = (
			);
			dependencies = (
				C077D961211AAE1500D81491 /* PBXTargetDependency */,
			);
			name = AppUITests;
			productName = AppUITests;
			productReference = C077D95F211AAE1500D81491 /* AppUITests.xctest */;
			productType = "com.apple.product-type.bundle.ui-testing";
		};
/* End PBXNativeTarget section */

/* Begin PBXProject section */
		C077D938211AAE1400D81491 /* Project object */ = {
			isa = PBXProject;
			attributes = {
				LastSwiftUpdateCheck = 0940;
				LastUpgradeCheck = 0940;
				ORGANIZATIONNAME = "津森智己";
				TargetAttributes = {
					C077D93F211AAE1400D81491 = {
						CreatedOnToolsVersion = 9.4.1;
					};
					C077D953211AAE1500D81491 = {
						CreatedOnToolsVersion = 9.4.1;
						TestTargetID = C077D93F211AAE1400D81491;
					};
					C077D95E211AAE1500D81491 = {
						CreatedOnToolsVersion = 9.4.1;
						TestTargetID = C077D93F211AAE1400D81491;
					};
				};
			};
			buildConfigurationList = C077D93B211AAE1400D81491 /* Build configuration list for PBXProject "App" */;
			compatibilityVersion = "Xcode 9.3";
			developmentRegion = en;
			hasScannedForEncodings = 0;
			knownRegions = (
				en,
				Base,
			);
			mainGroup = C077D937211AAE1400D81491;
			productRefGroup = C077D941211AAE1400D81491 /* Products */;
			projectDirPath = "";
			projectRoot = "";
			targets = (
				C077D93F211AAE1400D81491 /* App */,
				C077D953211AAE1500D81491 /* AppTests */,
				C077D95E211AAE1500D81491 /* AppUITests */,
			);
		};
/* End PBXProject section */

/* Begin PBXResourcesBuildPhase section */
		C077D93E211AAE1400D81491 /* Resources */ = {
			isa = PBXResourcesBuildPhase;
			buildActionMask = 2147483647;
			files = (
				C077D94E211AAE1500D81491 /* LaunchScreen.storyboard in Resources */,
				C077D94B211AAE1500D81491 /* Assets.xcassets in Resources */,
				C077D949211AAE1400D81491 /* Main.storyboard in Resources */,
			);
			runOnlyForDeploymentPostprocessing = 0;
		};
		C077D952211AAE1500D81491 /* Resources */ = {
			isa = PBXResourcesBuildPhase;
			buildActionMask = 2147483647;
			files = (
			);
			runOnlyForDeploymentPostprocessing = 0;
		};
		C077D95D211AAE1500D81491 /* Resources */ = {
			isa = PBXResourcesBuildPhase;
			buildActionMask = 2147483647;
			files = (
			);
			runOnlyForDeploymentPostprocessing = 0;
		};
/* End PBXResourcesBuildPhase section */

/* Begin PBXSourcesBuildPhase section */
		C077D93C211AAE1400D81491 /* Sources */ = {
			isa = PBXSourcesBuildPhase;
			buildActionMask = 2147483647;
			files = (
				C07DAE98213237E600E3ECD2 /* CustomTextView.swift in Sources */,
				C077D946211AAE1400D81491 /* ViewController.swift in Sources */,
				C07D917221814A9D0090BF42 /* BLEControll.swift in Sources */,
				C077D972211AB8EB00D81491 /* SelectDeviceViewController.swift in Sources */,
				C077D944211AAE1400D81491 /* AppDelegate.swift in Sources */,
			);
			runOnlyForDeploymentPostprocessing = 0;
		};
		C077D950211AAE1500D81491 /* Sources */ = {
			isa = PBXSourcesBuildPhase;
			buildActionMask = 2147483647;
			files = (
				C077D959211AAE1500D81491 /* AppTests.swift in Sources */,
			);
			runOnlyForDeploymentPostprocessing = 0;
		};
		C077D95B211AAE1500D81491 /* Sources */ = {
			isa = PBXSourcesBuildPhase;
			buildActionMask = 2147483647;
			files = (
				C077D964211AAE1500D81491 /* AppUITests.swift in Sources */,
			);
			runOnlyForDeploymentPostprocessing = 0;
		};
/* End PBXSourcesBuildPhase section */

/* Begin PBXTargetDependency section */
		C077D956211AAE1500D81491 /* PBXTargetDependency */ = {
			isa = PBXTargetDependency;
			target = C077D93F211AAE1400D81491 /* App */;
			targetProxy = C077D955211AAE1500D81491 /* PBXContainerItemProxy */;
		};
		C077D961211AAE1500D81491 /* PBXTargetDependency */ = {
			isa = PBXTargetDependency;
			target = C077D93F211AAE1400D81491 /* App */;
			targetProxy = C077D960211AAE1500D81491 /* PBXContainerItemProxy */;
		};
/* End PBXTargetDependency section */

/* Begin PBXVariantGroup section */
		C077D947211AAE1400D81491 /* Main.storyboard */ = {
			isa = PBXVariantGroup;
			children = (
				C077D948211AAE1400D81491 /* Base */,
			);
			name = Main.storyboard;
			sourceTree = "<group>";
		};
		C077D94C211AAE1500D81491 /* LaunchScreen.storyboard */ = {
			isa = PBXVariantGroup;
			children = (
				C077D94D211AAE1500D81491 /* Base */,
			);
			name = LaunchScreen.storyboard;
			sourceTree = "<group>";
		};
/* End PBXVariantGroup section */

/* Begin XCBuildConfiguration section */
		C077D966211AAE1500D81491 /* Debug */ = {
			isa = XCBuildConfiguration;
			buildSettings = {
				ALWAYS_SEARCH_USER_PATHS = NO;
				CLANG_ANALYZER_NONNULL = YES;
				CLANG_ANALYZER_NUMBER_OBJECT_CONVERSION = YES_AGGRESSIVE;
				CLANG_CXX_LANGUAGE_STANDARD = "gnu++14";
				CLANG_CXX_LIBRARY = "libc++";
				CLANG_ENABLE_MODULES = YES;
				CLANG_ENABLE_OBJC_ARC = YES;
				CLANG_ENABLE_OBJC_WEAK = YES;
				CLANG_WARN_BLOCK_CAPTURE_AUTORELEASING = YES;
				CLANG_WARN_BOOL_CONVERSION = YES;
				CLANG_WARN_COMMA = YES;
				CLANG_WARN_CONSTANT_CONVERSION = YES;
				CLANG_WARN_DEPRECATED_OBJC_IMPLEMENTATIONS = YES;
				CLANG_WARN_DIRECT_OBJC_ISA_USAGE = YES_ERROR;
				CLANG_WARN_DOCUMENTATION_COMMENTS = YES;
				CLANG_WARN_EMPTY_BODY = YES;
				CLANG_WARN_ENUM_CONVERSION = YES;
				CLANG_WARN_INFINITE_RECURSION = YES;
				CLANG_WARN_INT_CONVERSION = YES;
				CLANG_WARN_NON_LITERAL_NULL_CONVERSION = YES;
				CLANG_WARN_OBJC_IMPLICIT_RETAIN_SELF = YES;
				CLANG_WARN_OBJC_LITERAL_CONVERSION = YES;
				CLANG_WARN_OBJC_ROOT_CLASS = YES_ERROR;
				CLANG_WARN_RANGE_LOOP_ANALYSIS = YES;
				CLANG_WARN_STRICT_PROTOTYPES = YES;
				CLANG_WARN_SUSPICIOUS_MOVE = YES;
				CLANG_WARN_UNGUARDED_AVAILABILITY = YES_AGGRESSIVE;
				CLANG_WARN_UNREACHABLE_CODE = YES;
				CLANG_WARN__DUPLICATE_METHOD_MATCH = YES;
				CODE_SIGN_IDENTITY = "iPhone Developer";
				COPY_PHASE_STRIP = NO;
				DEBUG_INFORMATION_FORMAT = dwarf;
				ENABLE_STRICT_OBJC_MSGSEND = YES;
				ENABLE_TESTABILITY = YES;
				GCC_C_LANGUAGE_STANDARD = gnu11;
				GCC_DYNAMIC_NO_PIC = NO;
				GCC_NO_COMMON_BLOCKS = YES;
				GCC_OPTIMIZATION_LEVEL = 0;
				GCC_PREPROCESSOR_DEFINITIONS = (
					"DEBUG=1",
					"$(inherited)",
				);
				GCC_WARN_64_TO_32_BIT_CONVERSION = YES;
				GCC_WARN_ABOUT_RETURN_TYPE = YES_ERROR;
				GCC_WARN_UNDECLARED_SELECTOR = YES;
				GCC_WARN_UNINITIALIZED_AUTOS = YES_AGGRESSIVE;
				GCC_WARN_UNUSED_FUNCTION = YES;
				GCC_WARN_UNUSED_VARIABLE = YES;
				IPHONEOS_DEPLOYMENT_TARGET = 11.4;
				MTL_ENABLE_DEBUG_INFO = YES;
				ONLY_ACTIVE_ARCH = YES;
				SDKROOT = iphoneos;
				SWIFT_ACTIVE_COMPILATION_CONDITIONS = DEBUG;
				SWIFT_OPTIMIZATION_LEVEL = "-Onone";
			};
			name = Debug;
		};
		C077D967211AAE1500D81491 /* Release */ = {
			isa = XCBuildConfiguration;
			buildSettings = {
				ALWAYS_SEARCH_USER_PATHS = NO;
				CLANG_ANALYZER_NONNULL = YES;
				CLANG_ANALYZER_NUMBER_OBJECT_CONVERSION = YES_AGGRESSIVE;
				CLANG_CXX_LANGUAGE_STANDARD = "gnu++14";
				CLANG_CXX_LIBRARY = "libc++";
				CLANG_ENABLE_MODULES = YES;
				CLANG_ENABLE_OBJC_ARC = YES;
				CLANG_ENABLE_OBJC_WEAK = YES;
				CLANG_WARN_BLOCK_CAPTURE_AUTORELEASING = YES;
				CLANG_WARN_BOOL_CONVERSION = YES;
				CLANG_WARN_COMMA = YES;
				CLANG_WARN_CONSTANT_CONVERSION = YES;
				CLANG_WARN_DEPRECATED_OBJC_IMPLEMENTATIONS = YES;
				CLANG_WARN_DIRECT_OBJC_ISA_USAGE = YES_ERROR;
				CLANG_WARN_DOCUMENTATION_COMMENTS = YES;
				CLANG_WARN_EMPTY_BODY = YES;
				CLANG_WARN_ENUM_CONVERSION = YES;
				CLANG_WARN_INFINITE_RECURSION = YES;
				CLANG_WARN_INT_CONVERSION = YES;
				CLANG_WARN_NON_LITERAL_NULL_CONVERSION = YES;
				CLANG_WARN_OBJC_IMPLICIT_RETAIN_SELF = YES;
				CLANG_WARN_OBJC_LITERAL_CONVERSION = YES;
				CLANG_WARN_OBJC_ROOT_CLASS = YES_ERROR;
				CLANG_WARN_RANGE_LOOP_ANALYSIS = YES;
				CLANG_WARN_STRICT_PROTOTYPES = YES;
				CLANG_WARN_SUSPICIOUS_MOVE = YES;
				CLANG_WARN_UNGUARDED_AVAILABILITY = YES_AGGRESSIVE;
				CLANG_WARN_UNREACHABLE_CODE = YES;
				CLANG_WARN__DUPLICATE_METHOD_MATCH = YES;
				CODE_SIGN_IDENTITY = "iPhone Developer";
				COPY_PHASE_STRIP = NO;
				DEBUG_INFORMATION_FORMAT = "dwarf-with-dsym";
				ENABLE_NS_ASSERTIONS = NO;
				ENABLE_STRICT_OBJC_MSGSEND = YES;
				GCC_C_LANGUAGE_STANDARD = gnu11;
				GCC_NO_COMMON_BLOCKS = YES;
				GCC_WARN_64_TO_32_BIT_CONVERSION = YES;
				GCC_WARN_ABOUT_RETURN_TYPE = YES_ERROR;
				GCC_WARN_UNDECLARED_SELECTOR = YES;
				GCC_WARN_UNINITIALIZED_AUTOS = YES_AGGRESSIVE;
				GCC_WARN_UNUSED_FUNCTION = YES;
				GCC_WARN_UNUSED_VARIABLE = YES;
				IPHONEOS_DEPLOYMENT_TARGET = 11.4;
				MTL_ENABLE_DEBUG_INFO = NO;
				SDKROOT = iphoneos;
				SWIFT_COMPILATION_MODE = wholemodule;
				SWIFT_OPTIMIZATION_LEVEL = "-O";
				VALIDATE_PRODUCT = YES;
			};
			name = Release;
		};
		C077D969211AAE1500D81491 /* Debug */ = {
			isa = XCBuildConfiguration;
			buildSettings = {
				ASSETCATALOG_COMPILER_APPICON_NAME = AppIcon;
				CODE_SIGN_IDENTITY = "iPhone Developer";
				CODE_SIGN_STYLE = Automatic;
				DEVELOPMENT_TEAM = ZJ7YM6298U;
				INFOPLIST_FILE = App/Info.plist;
				LD_RUNPATH_SEARCH_PATHS = (
					"$(inherited)",
					"@executable_path/Frameworks",
				);
				PRODUCT_BUNDLE_IDENTIFIER = tomoki.App;
				PRODUCT_NAME = "$(TARGET_NAME)";
				PROVISIONING_PROFILE_SPECIFIER = "";
				SWIFT_VERSION = 4.0;
				TARGETED_DEVICE_FAMILY = "1,2";
			};
			name = Debug;
		};
		C077D96A211AAE1500D81491 /* Release */ = {
			isa = XCBuildConfiguration;
			buildSettings = {
				ASSETCATALOG_COMPILER_APPICON_NAME = AppIcon;
				CODE_SIGN_IDENTITY = "iPhone Developer";
				CODE_SIGN_STYLE = Automatic;
				DEVELOPMENT_TEAM = ZJ7YM6298U;
				INFOPLIST_FILE = App/Info.plist;
				LD_RUNPATH_SEARCH_PATHS = (
					"$(inherited)",
					"@executable_path/Frameworks",
				);
				PRODUCT_BUNDLE_IDENTIFIER = tomoki.App;
				PRODUCT_NAME = "$(TARGET_NAME)";
				PROVISIONING_PROFILE_SPECIFIER = "";
				SWIFT_VERSION = 4.0;
				TARGETED_DEVICE_FAMILY = "1,2";
			};
			name = Release;
		};
		C077D96C211AAE1500D81491 /* Debug */ = {
			isa = XCBuildConfiguration;
			buildSettings = {
				ALWAYS_EMBED_SWIFT_STANDARD_LIBRARIES = YES;
				BUNDLE_LOADER = "$(TEST_HOST)";
				CODE_SIGN_STYLE = Automatic;
				INFOPLIST_FILE = AppTests/Info.plist;
				LD_RUNPATH_SEARCH_PATHS = (
					"$(inherited)",
					"@executable_path/Frameworks",
					"@loader_path/Frameworks",
				);
				PRODUCT_BUNDLE_IDENTIFIER = tomoki.AppTests;
				PRODUCT_NAME = "$(TARGET_NAME)";
				SWIFT_VERSION = 4.0;
				TARGETED_DEVICE_FAMILY = "1,2";
				TEST_HOST = "$(BUILT_PRODUCTS_DIR)/App.app/App";
			};
			name = Debug;
		};
		C077D96D211AAE1500D81491 /* Release */ = {
			isa = XCBuildConfiguration;
			buildSettings = {
				ALWAYS_EMBED_SWIFT_STANDARD_LIBRARIES = YES;
				BUNDLE_LOADER = "$(TEST_HOST)";
				CODE_SIGN_STYLE = Automatic;
				INFOPLIST_FILE = AppTests/Info.plist;
				LD_RUNPATH_SEARCH_PATHS = (
					"$(inherited)",
					"@executable_path/Frameworks",
					"@loader_path/Frameworks",
				);
				PRODUCT_BUNDLE_IDENTIFIER = tomoki.AppTests;
				PRODUCT_NAME = "$(TARGET_NAME)";
				SWIFT_VERSION = 4.0;
				TARGETED_DEVICE_FAMILY = "1,2";
				TEST_HOST = "$(BUILT_PRODUCTS_DIR)/App.app/App";
			};
			name = Release;
		};
		C077D96F211AAE1500D81491 /* Debug */ = {
			isa = XCBuildConfiguration;
			buildSettings = {
				ALWAYS_EMBED_SWIFT_STANDARD_LIBRARIES = YES;
				CODE_SIGN_STYLE = Automatic;
				INFOPLIST_FILE = AppUITests/Info.plist;
				LD_RUNPATH_SEARCH_PATHS = (
					"$(inherited)",
					"@executable_path/Frameworks",
					"@loader_path/Frameworks",
				);
				PRODUCT_BUNDLE_IDENTIFIER = tomoki.AppUITests;
				PRODUCT_NAME = "$(TARGET_NAME)";
				SWIFT_VERSION = 4.0;
				TARGETED_DEVICE_FAMILY = "1,2";
				TEST_TARGET_NAME = App;
			};
			name = Debug;
		};
		C077D970211AAE1500D81491 /* Release */ = {
			isa = XCBuildConfiguration;
			buildSettings = {
				ALWAYS_EMBED_SWIFT_STANDARD_LIBRARIES = YES;
				CODE_SIGN_STYLE = Automatic;
				INFOPLIST_FILE = AppUITests/Info.plist;
				LD_RUNPATH_SEARCH_PATHS = (
					"$(inherited)",
					"@executable_path/Frameworks",
					"@loader_path/Frameworks",
				);
				PRODUCT_BUNDLE_IDENTIFIER = tomoki.AppUITests;
				PRODUCT_NAME = "$(TARGET_NAME)";
				SWIFT_VERSION = 4.0;
				TARGETED_DEVICE_FAMILY = "1,2";
				TEST_TARGET_NAME = App;
			};
			name = Release;
		};
/* End XCBuildConfiguration section */

/* Begin XCConfigurationList section */
		C077D93B211AAE1400D81491 /* Build configuration list for PBXProject "App" */ = {
			isa = XCConfigurationList;
			buildConfigurations = (
				C077D966211AAE1500D81491 /* Debug */,
				C077D967211AAE1500D81491 /* Release */,
			);
			defaultConfigurationIsVisible = 0;
			defaultConfigurationName = Release;
		};
		C077D968211AAE1500D81491 /* Build configuration list for PBXNativeTarget "App" */ = {
			isa = XCConfigurationList;
			buildConfigurations = (
				C077D969211AAE1500D81491 /* Debug */,
				C077D96A211AAE1500D81491 /* Release */,
			);
			defaultConfigurationIsVisible = 0;
			defaultConfigurationName = Release;
		};
		C077D96B211AAE1500D81491 /* Build configuration list for PBXNativeTarget "AppTests" */ = {
			isa = XCConfigurationList;
			buildConfigurations = (
				C077D96C211AAE1500D81491 /* Debug */,
				C077D96D211AAE1500D81491 /* Release */,
			);
			defaultConfigurationIsVisible = 0;
			defaultConfigurationName = Release;
		};
		C077D96E211AAE1500D81491 /* Build configuration list for PBXNativeTarget "AppUITests" */ = {
			isa = XCConfigurationList;
			buildConfigurations = (
				C077D96F211AAE1500D81491 /* Debug */,
				C077D970211AAE1500D81491 /* Release */,
			);
			defaultConfigurationIsVisible = 0;
			defaultConfigurationName = Release;
		};
/* End XCConfigurationList section */
	};
	rootObject = C077D938211AAE1400D81491 /* Project object */;
}
